
Microsoft Visual Studio Solution File, Format Version 12.00
# Visual Studio Version 16
VisualStudioVersion = 16.0.30011.22
MinimumVisualStudioVersion = 10.0.40219.1
Project("{9A19103F-16F7-4668-BE54-9A1E7A4F7556}") = "MYMUI", "MYMUI\MYMUI.csproj", "{AA31B140-4626-43C0-8C93-0DB5F7FE81CB}"
EndProject
Project("{9A19103F-16F7-4668-BE54-9A1E7A4F7556}") = "MYMLibrary", "MYMLibrary\MYMLibrary.csproj", "{DD616D3D-CF3B-4216-9D1A-48E737F11FE4}"
EndProject
Project("{FAE04EC0-301F-11D3-BF4B-00C04F79EFBC}") = "MYMXUnitTest", "MYMXUnitTest\MYMXUnitTest.csproj", "{E818C5D2-ADC3-403F-A0EE-4F328D96B822}"
EndProject
Global
	GlobalSection(SolutionConfigurationPlatforms) = preSolution
		Debug|Any CPU = Debug|Any CPU
		Release|Any CPU = Release|Any CPU
	EndGlobalSection
	GlobalSection(ProjectConfigurationPlatforms) = postSolution
		{AA31B140-4626-43C0-8C93-0DB5F7FE81CB}.Debug|Any CPU.ActiveCfg = Debug|Any CPU
		{AA31B140-4626-43C0-8C93-0DB5F7FE81CB}.Debug|Any CPU.Build.0 = Debug|Any CPU
		{AA31B140-4626-43C0-8C93-0DB5F7FE81CB}.Release|Any CPU.ActiveCfg = Release|Any CPU
		{AA31B140-4626-43C0-8C93-0DB5F7FE81CB}.Release|Any CPU.Build.0 = Release|Any CPU
		{DD616D3D-CF3B-4216-9D1A-48E737F11FE4}.Debug|Any CPU.ActiveCfg = Debug|Any CPU
		{DD616D3D-CF3B-4216-9D1A-48E737F11FE4}.Debug|Any CPU.Build.0 = Debug|Any CPU
		{DD616D3D-CF3B-4216-9D1A-48E737F11FE4}.Release|Any CPU.ActiveCfg = Release|Any CPU
		{DD616D3D-CF3B-4216-9D1A-48E737F11FE4}.Release|Any CPU.Build.0 = Release|Any CPU
		{E818C5D2-ADC3-403F-A0EE-4F328D96B822}.Debug|Any CPU.ActiveCfg = Debug|Any CPU
		{E818C5D2-ADC3-403F-A0EE-4F328D96B822}.Debug|Any CPU.Build.0 = Debug|Any CPU
		{E818C5D2-ADC3-403F-A0EE-4F328D96B822}.Release|Any CPU.ActiveCfg = Release|Any CPU
		{E818C5D2-ADC3-403F-A0EE-4F328D96B822}.Release|Any CPU.Build.0 = Release|Any CPU
	EndGlobalSection
	GlobalSection(SolutionProperties) = preSolution
		HideSolutionNode = FALSE
	EndGlobalSection
	GlobalSection(ExtensibilityGlobals) = postSolution
		SolutionGuid = {5BB85EAD-0E53-4C7D-861E-C9D33BF2CEAE}
	EndGlobalSection
EndGlobal
